<?xml version="1.0" encoding="utf-8"?>
<Project ToolsVersion="4.0" xmlns="http://schemas.microsoft.com/developer/msbuild/2003">
  <ItemGroup>
    <Filter Include="Framework">
      <UniqueIdentifier>{4FC737F1-C7A5-4376-A066-2A32D752A2FF}</UniqueIdentifier>
      <Extensions>cpp;c;cc;cxx;c++;cppm;ixx;def;odl;idl;hpj;bat;asm;asmx</Extensions>
    </Filter>
    <Filter Include="Data">
      <UniqueIdentifier>{bf85c191-68d4-4c01-a617-6c58c9145ea3}</UniqueIdentifier>
    </Filter>
    <Filter Include="Entity">
      <UniqueIdentifier>{e78cb8e5-0fbb-4f5c-b59e-94e893b58f71}</UniqueIdentifier>
    </Filter>
    <Filter Include="World">
      <UniqueIdentifier>{e4db8897-93ed-48a8-818a-b8ea882aa8ec}</UniqueIdentifier>
    </Filter>
  </ItemGroup>
  <ItemGroup>
    <ClCompile Include="Main_Windows.cpp">
      <Filter>Framework</Filter>
    </ClCompile>
    <ClCompile Include="App.cpp">
      <Filter>Framework</Filter>
    </ClCompile>
    <ClCompile Include="GameCommon.cpp">
      <Filter>Framework</Filter>
    </ClCompile>
    <ClCompile Include="Game.cpp">
      <Filter>Framework</Filter>
    </ClCompile>
    <ClCompile Include="Player.cpp">
      <Filter>Entity</Filter>
    </ClCompile>
    <ClCompile Include="Entity.cpp">
      <Filter>Entity</Filter>
    </ClCompile>
    <ClCompile Include="BlockDefinition.cpp">
      <Filter>World</Filter>
    </ClCompile>
    <ClCompile Include="Chunk.cpp">
      <Filter>World</Filter>
    </ClCompile>
    <ClCompile Include="World.cpp">
      <Filter>World</Filter>
    </ClCompile>
    <ClCompile Include="Block.cpp">
      <Filter>World</Filter>
    </ClCompile>
    <ClCompile Include="BlockIterator.cpp">
      <Filter>World</Filter>
    </ClCompile>
    <ClCompile Include="EntityDefinition.cpp">
      <Filter>Entity</Filter>
    </ClCompile>
    <ClCompile Include="TemplateDefinition.cpp">
      <Filter>World</Filter>
    </ClCompile>
    <ClCompile Include="ChunkGenerationJob.cpp">
      <Filter>Framework</Filter>
    </ClCompile>
    <ClCompile Include="BlockColorDefinition.cpp">
      <Filter>World</Filter>
    </ClCompile>
  </ItemGroup>
  <ItemGroup>
    <ClInclude Include="App.hpp">
      <Filter>Framework</Filter>
    </ClInclude>
    <ClInclude Include="GameCommon.hpp">
      <Filter>Framework</Filter>
    </ClInclude>
    <ClInclude Include="EngineBuildPreferences.hpp">
      <Filter>Framework</Filter>
    </ClInclude>
    <ClInclude Include="Game.hpp">
      <Filter>Framework</Filter>
    </ClInclude>
    <ClInclude Include="Player.hpp">
      <Filter>Entity</Filter>
    </ClInclude>
    <ClInclude Include="Entity.hpp">
      <Filter>Entity</Filter>
    </ClInclude>
    <ClInclude Include="Block.hpp">
      <Filter>World</Filter>
    </ClInclude>
    <ClInclude Include="BlockDefinition.hpp">
      <Filter>World</Filter>
    </ClInclude>
    <ClInclude Include="Chunk.hpp">
      <Filter>World</Filter>
    </ClInclude>
    <ClInclude Include="World.hpp">
      <Filter>World</Filter>
    </ClInclude>
    <ClInclude Include="BlockIterator.hpp">
      <Filter>World</Filter>
    </ClInclude>
    <ClInclude Include="EntityDefinition.hpp">
      <Filter>Entity</Filter>
    </ClInclude>
    <ClInclude Include="TemplateDefinition.hpp">
      <Filter>World</Filter>
    </ClInclude>
    <ClInclude Include="ChunkGenerationJob.hpp">
      <Filter>Framework</Filter>
    </ClInclude>
    <ClInclude Include="BlockColorDefinition.hpp">
      <Filter>World</Filter>
    </ClInclude>
  </ItemGroup>
  <ItemGroup>
    <Xml Include="..\..\Run\Data\GameConfig.xml">
      <Filter>Data</Filter>
    </Xml>
  </ItemGroup>
  <ItemGroup>
    <FxCompile Include="..\..\Run\Data\Shaders\World.hlsl">
      <Filter>Data</Filter>
    </FxCompile>
    <FxCompile Include="..\..\Run\Data\Shaders\Default.hlsl">
      <Filter>Data</Filter>
    </FxCompile>
  </ItemGroup>
</Project>